
Microsoft Visual Studio Solution File, Format Version 12.00
# Visual Studio Version 16
VisualStudioVersion = 16.0.30413.136
MinimumVisualStudioVersion = 10.0.40219.1
Project("{9A19103F-16F7-4668-BE54-9A1E7A4F7556}") = "MagicOnion.Server", "MagicOnion.Server\MagicOnion.Server.csproj", "{06F4C27C-8EC5-4A16-8A06-6F856D62A694}"
EndProject
Project("{9A19103F-16F7-4668-BE54-9A1E7A4F7556}") = "MagicOnion.Client", "MagicOnion.Client\MagicOnion.Client.csproj", "{437983EB-A3AD-4363-82DB-EC2AF627AA1B}"
EndProject
Project("{9A19103F-16F7-4668-BE54-9A1E7A4F7556}") = "MagicOnion.Common", "MagicOnion.Common\MagicOnion.Common.csproj", "{5DC2871D-4B1D-4331-AC51-5D89041A65A1}"
EndProject
Project("{FAE04EC0-301F-11D3-BF4B-00C04F79EFBC}") = "MagicOnion.Proxy", "MagicOnion.Proxy\MagicOnion.Proxy.csproj", "{42B9F152-F550-4A60-B80A-2D723400D0D1}"
EndProject
Global
	GlobalSection(SolutionConfigurationPlatforms) = preSolution
		Debug|Any CPU = Debug|Any CPU
		Release|Any CPU = Release|Any CPU
	EndGlobalSection
	GlobalSection(ProjectConfigurationPlatforms) = postSolution
		{06F4C27C-8EC5-4A16-8A06-6F856D62A694}.Debug|Any CPU.ActiveCfg = Debug|Any CPU
		{06F4C27C-8EC5-4A16-8A06-6F856D62A694}.Debug|Any CPU.Build.0 = Debug|Any CPU
		{06F4C27C-8EC5-4A16-8A06-6F856D62A694}.Release|Any CPU.ActiveCfg = Release|Any CPU
		{06F4C27C-8EC5-4A16-8A06-6F856D62A694}.Release|Any CPU.Build.0 = Release|Any CPU
		{437983EB-A3AD-4363-82DB-EC2AF627AA1B}.Debug|Any CPU.ActiveCfg = Debug|Any CPU
		{437983EB-A3AD-4363-82DB-EC2AF627AA1B}.Debug|Any CPU.Build.0 = Debug|Any CPU
		{437983EB-A3AD-4363-82DB-EC2AF627AA1B}.Release|Any CPU.ActiveCfg = Release|Any CPU
		{437983EB-A3AD-4363-82DB-EC2AF627AA1B}.Release|Any CPU.Build.0 = Release|Any CPU
		{5DC2871D-4B1D-4331-AC51-5D89041A65A1}.Debug|Any CPU.ActiveCfg = Debug|Any CPU
		{5DC2871D-4B1D-4331-AC51-5D89041A65A1}.Debug|Any CPU.Build.0 = Debug|Any CPU
		{5DC2871D-4B1D-4331-AC51-5D89041A65A1}.Release|Any CPU.ActiveCfg = Release|Any CPU
		{5DC2871D-4B1D-4331-AC51-5D89041A65A1}.Release|Any CPU.Build.0 = Release|Any CPU
		{42B9F152-F550-4A60-B80A-2D723400D0D1}.Debug|Any CPU.ActiveCfg = Debug|Any CPU
		{42B9F152-F550-4A60-B80A-2D723400D0D1}.Debug|Any CPU.Build.0 = Debug|Any CPU
		{42B9F152-F550-4A60-B80A-2D723400D0D1}.Release|Any CPU.ActiveCfg = Release|Any CPU
		{42B9F152-F550-4A60-B80A-2D723400D0D1}.Release|Any CPU.Build.0 = Release|Any CPU
	EndGlobalSection
	GlobalSection(SolutionProperties) = preSolution
		HideSolutionNode = FALSE
	EndGlobalSection
	GlobalSection(ExtensibilityGlobals) = postSolution
		SolutionGuid = {8E09A363-B81E-48D2-AFC0-8C15B804A4A0}
	EndGlobalSection
EndGlobal
